
Microsoft Visual Studio Solution File, Format Version 12.00
# Visual Studio Version 17
VisualStudioVersion = 17.3.32901.215
MinimumVisualStudioVersion = 10.0.40219.1
Project("{FAE04EC0-301F-11D3-BF4B-00C04F79EFBC}") = "DapperDemo", "DapperDemo\DapperDemo.csproj", "{15FAD30D-FC6C-4629-AD15-3CEFBBDE46E6}"
EndProject
Global
	GlobalSection(SolutionConfigurationPlatforms) = preSolution
		Debug|Any CPU = Debug|Any CPU
		Release|Any CPU = Release|Any CPU
	EndGlobalSection
	GlobalSection(ProjectConfigurationPlatforms) = postSolution
		{15FAD30D-FC6C-4629-AD15-3CEFBBDE46E6}.Debug|Any CPU.ActiveCfg = Debug|Any CPU
		{15FAD30D-FC6C-4629-AD15-3CEFBBDE46E6}.Debug|Any CPU.Build.0 = Debug|Any CPU
		{15FAD30D-FC6C-4629-AD15-3CEFBBDE46E6}.Release|Any CPU.ActiveCfg = Release|Any CPU
		{15FAD30D-FC6C-4629-AD15-3CEFBBDE46E6}.Release|Any CPU.Build.0 = Release|Any CPU
	EndGlobalSection
	GlobalSection(SolutionProperties) = preSolution
		HideSolutionNode = FALSE
	EndGlobalSection
	GlobalSection(ExtensibilityGlobals) = postSolution
		SolutionGuid = {56AD1E15-149D-4788-9BF9-5842E707E5BF}
	EndGlobalSection
EndGlobal
